
Microsoft Visual Studio Solution File, Format Version 12.00
# Visual Studio 15
VisualStudioVersion = 15.0.27130.2010
MinimumVisualStudioVersion = 10.0.40219.1
Project("{FAE04EC0-301F-11D3-BF4B-00C04F79EFBC}") = "Railway Ticketing System", "Railway Ticketing System\Railway Ticketing System.csproj", "{229539DB-1FAC-48BD-BB66-B1EF8C662CA6}"
EndProject
Global
	GlobalSection(SolutionConfigurationPlatforms) = preSolution
		Debug|Any CPU = Debug|Any CPU
		Release|Any CPU = Release|Any CPU
	EndGlobalSection
	GlobalSection(ProjectConfigurationPlatforms) = postSolution
		{229539DB-1FAC-48BD-BB66-B1EF8C662CA6}.Debug|Any CPU.ActiveCfg = Debug|Any CPU
		{229539DB-1FAC-48BD-BB66-B1EF8C662CA6}.Debug|Any CPU.Build.0 = Debug|Any CPU
		{229539DB-1FAC-48BD-BB66-B1EF8C662CA6}.Release|Any CPU.ActiveCfg = Release|Any CPU
		{229539DB-1FAC-48BD-BB66-B1EF8C662CA6}.Release|Any CPU.Build.0 = Release|Any CPU
	EndGlobalSection
	GlobalSection(SolutionProperties) = preSolution
		HideSolutionNode = FALSE
	EndGlobalSection
	GlobalSection(ExtensibilityGlobals) = postSolution
		SolutionGuid = {8E1D0B21-B3D4-47BE-83E2-C50B71544C2D}
	EndGlobalSection
EndGlobal
